
Microsoft Visual Studio Solution File, Format Version 12.00
# Visual Studio 15
VisualStudioVersion = 15.0.28307.572
MinimumVisualStudioVersion = 10.0.40219.1
Project("{FAE04EC0-301F-11D3-BF4B-00C04F79EFBC}") = "MichaelChecksum", "MichaelChecksum\MichaelChecksum.csproj", "{C97FB990-EC5E-4726-8FF9-BCEF0DBB4289}"
EndProject
Global
	GlobalSection(SolutionConfigurationPlatforms) = preSolution
		Debug|Any CPU = Debug|Any CPU
		Release|Any CPU = Release|Any CPU
	EndGlobalSection
	GlobalSection(ProjectConfigurationPlatforms) = postSolution
		{C97FB990-EC5E-4726-8FF9-BCEF0DBB4289}.Debug|Any CPU.ActiveCfg = Debug|Any CPU
		{C97FB990-EC5E-4726-8FF9-BCEF0DBB4289}.Debug|Any CPU.Build.0 = Debug|Any CPU
		{C97FB990-EC5E-4726-8FF9-BCEF0DBB4289}.Release|Any CPU.ActiveCfg = Release|Any CPU
		{C97FB990-EC5E-4726-8FF9-BCEF0DBB4289}.Release|Any CPU.Build.0 = Release|Any CPU
	EndGlobalSection
	GlobalSection(SolutionProperties) = preSolution
		HideSolutionNode = FALSE
	EndGlobalSection
	GlobalSection(ExtensibilityGlobals) = postSolution
		SolutionGuid = {2EE89CDB-A6F1-4ACA-9AAD-BF19C06AB6F7}
	EndGlobalSection
EndGlobal
